4.x/api/advanced/import-meta 59b6ef52b995e1030342db402dbd1956e9aa577fbb491ec4980042786cc9b220
4.x/api/composables/use-async-data 24e0e38ced6e5582fca268627c4d2ef13cdb1b8d30ac081109688bd195e6cd05
4.x/api/composables/use-cookie df0300a5d7f85899ab438f1cd37c7b485487122b018ffa6fb82be2a81a5c5a95
4.x/api/composables/use-fetch edbe2aa6d2a216a2b13fd69381dbacebce0dbd73542fe88acaf0ada02aa40fbd
4.x/api/composables/use-layout fbb6c877caed063344a0a596219d23c9652459b029ba63442bbb72c0b93546bf
4.x/api/composables/use-server-seo-meta 4379a76e9fe57abc9527a95010c6c2fa0236fca9c38cb04a291acc007d695058
4.x/api/kit/modules bf55960073bf4d7a6fe63859c462e5f520b82fc05774c74a86e32299e38c5501
4.x/api/kit/nitro b9864a84017f3fd0524324706c297592fc84af5817be5f1d5345c671dbf04c91
4.x/api/utils/clear-nuxt-state 827abe602936f04b8d0aa6e90e163158c5cde8484c583438d4d0b2392045022a
4.x/api/utils/navigate-to 45b9db0c67e116c196bcef5ee17e2afc35dd7c104b4b2736f683b2cf7a8ffc8e
4.x/api/utils/set-page-layout aacf5adf9da8e967d7f8b0346573c5da6f459ea87a27b7c0ee5f51745efe4e21
4.x/directory-structure/app/app-config 66d7dd12051c5e253ab935817c0b78f4758b9ce77d7ed22ea028c7519c332622
4.x/directory-structure/app/layouts e93a01f7ca30e36cb20e994633861b666f8780b8c3017c5094d0028a36666149
4.x/directory-structure/app/pages cabe1b127abfbb6f835a6f9244ed3fe4fa2eaee7b9218b30e6d8ee5e160eff3e
4.x/directory-structure/layers ba14353b646f78f77438f12d2b7fddc86e400dd621a53ec92918eb573fcf8466
4.x/directory-structure/server 44a14a09d01269a6fb8b74de554a1d9335b27987c58f082be9a48dd882536a0d
4.x/directory-structure/shared e3365c8f5ff6f482e08d193a1bd982311572d2d6e5fb5790f599d8713c337514
4.x/getting-started/error-handling 184b8611c409e221d9d187d5dff187548791c2e7376415d99464bc3bb1fa0201
4.x/getting-started/prerendering b3422692b0a1f62d91b0546c926439290deba4d263e83d9556721313e272c68e
4.x/getting-started/upgrade f1b3a3a314fc9cd2a5a01d171fab775e3bc2deb4229fb7698037a72dfd001fb1
4.x/guide/concepts/modules 38d6ca6e2dc26faee9727e7d99c9b0b94e4ac15feccd1906d7a904be00534235
4.x/guide/concepts/rendering f2362b392571f8b8dbd077c7b8121a4374b5a0a11e3e067225a2da5a880393c6
4.x/guide/going-further/experimental-features 29b59d1290a8c4321372da19a19e68d0ccf844d1a1b322b51050c6b7df4652d6
4.x/guide/going-further/layers 31db767feb371e90af1e5ed8db944a201e82c362d13bab2102e320fc40b6e79a
4.x/guide/going-further/runtime-config 4221df986e369c173136e25dd5abd8f66857b8f0ebafdeef1b9ef644f0a88bbd
4.x/guide/going-further/server-imports 90087007f6ef31d70d84cb28867b84b2ac5bf31ecebba806ca7fe26c9c55b734
4.x/guide/modules/server-compatibility aba6a04a42682e25f2ee75b6caf5515ac7a9d58f218a4168f86d80c295ebe151
